// !$*UTF8*$!
{
	archiveVersion = 1;
	classes = {
	};
	objectVersion = 46;
	objects = {

/* Begin PBXBuildFile section */
		23B819C81EB19145006017FC /* LoginDTO.swift in Sources */ = {isa = PBXBuildFile; fileRef = 23B819C71EB19145006017FC /* LoginDTO.swift */; };
		23B819CA1EB19198006017FC /* LoginClient.swift in Sources */ = {isa = PBXBuildFile; fileRef = 23B819C91EB19198006017FC /* LoginClient.swift */; };
		23B819CB1EB19493006017FC /* LoginClient.swift in Sources */ = {isa = PBXBuildFile; fileRef = 23B819C91EB19198006017FC /* LoginClient.swift */; };
		23B819CC1EB194A7006017FC /* Networking.swift in Sources */ = {isa = PBXBuildFile; fileRef = 967FF6251E9446BF007B56C6 /* Networking.swift */; };
		23B819CD1EB194AB006017FC /* LoginDTO.swift in Sources */ = {isa = PBXBuildFile; fileRef = 23B819C71EB19145006017FC /* LoginDTO.swift */; };
		9606FD871EFC62C50059AD47 /* GooglePlacesClient.swift in Sources */ = {isa = PBXBuildFile; fileRef = 9606FD861EFC62C50059AD47 /* GooglePlacesClient.swift */; };
		9606FD891EFC83A50059AD47 /* Notification+Location.swift in Sources */ = {isa = PBXBuildFile; fileRef = 9606FD881EFC83A50059AD47 /* Notification+Location.swift */; };
		9606FD8B1EFC85260059AD47 /* Trip.swift in Sources */ = {isa = PBXBuildFile; fileRef = 9606FD8A1EFC85260059AD47 /* Trip.swift */; };
		9606FD8D1EFC89E50059AD47 /* TripCoordinator.swift in Sources */ = {isa = PBXBuildFile; fileRef = 9606FD8C1EFC89E50059AD47 /* TripCoordinator.swift */; };
		9606FD8F1EFCA39C0059AD47 /* FlightInfo.swift in Sources */ = {isa = PBXBuildFile; fileRef = 9606FD8E1EFCA39C0059AD47 /* FlightInfo.swift */; };
		9606FD9B1EFDBD760059AD47 /* tap5.wav in Resources */ = {isa = PBXBuildFile; fileRef = 9606FD9A1EFDBD760059AD47 /* tap5.wav */; };
		960B50E41EC6392F002B1432 /* JourneyDetailsVC.swift in Sources */ = {isa = PBXBuildFile; fileRef = 960B50E31EC6392F002B1432 /* JourneyDetailsVC.swift */; };
		961E2AC21E985602000F2D64 /* FetchFlightsDTO.swift in Sources */ = {isa = PBXBuildFile; fileRef = 961E2AC11E985602000F2D64 /* FetchFlightsDTO.swift */; };
		961E2AC71E985A20000F2D64 /* webServiceClientTests.swift in Sources */ = {isa = PBXBuildFile; fileRef = 961E2AC61E985A20000F2D64 /* webServiceClientTests.swift */; };
		962EE1181EBBBA7800797CD9 /* Mapbox.storyboard in Resources */ = {isa = PBXBuildFile; fileRef = 962EE1171EBBBA7800797CD9 /* Mapbox.storyboard */; };
		96395F291EF312070094923F /* UIView+Image.swift in Sources */ = {isa = PBXBuildFile; fileRef = 96395F281EF312070094923F /* UIView+Image.swift */; };
		96395F2B1EF33D250094923F /* ScreenNavigator.swift in Sources */ = {isa = PBXBuildFile; fileRef = 96395F2A1EF33D250094923F /* ScreenNavigator.swift */; };
		96395F2D1EF340BD0094923F /* Notification+Screens.swift in Sources */ = {isa = PBXBuildFile; fileRef = 96395F2C1EF340BD0094923F /* Notification+Screens.swift */; };
		96395F2F1EF472B80094923F /* LocationController.swift in Sources */ = {isa = PBXBuildFile; fileRef = 96395F2E1EF472B80094923F /* LocationController.swift */; };
		96395F311EF48D230094923F /* MapController.swift in Sources */ = {isa = PBXBuildFile; fileRef = 96395F301EF48D230094923F /* MapController.swift */; };
		96395F331EF5B58E0094923F /* JoystickController.swift in Sources */ = {isa = PBXBuildFile; fileRef = 96395F321EF5B58E0094923F /* JoystickController.swift */; };
		96395F371EF5DA310094923F /* FeatureFlag.swift in Sources */ = {isa = PBXBuildFile; fileRef = 96395F361EF5DA310094923F /* FeatureFlag.swift */; };
		964629C81EF89C1800CAA16E /* RightToLeftScreenAnimator.swift in Sources */ = {isa = PBXBuildFile; fileRef = 964629C71EF89C1800CAA16E /* RightToLeftScreenAnimator.swift */; };
		964629CA1EF89C8B00CAA16E /* NavigationControllerDelegate.swift in Sources */ = {isa = PBXBuildFile; fileRef = 964629C91EF89C8A00CAA16E /* NavigationControllerDelegate.swift */; };
		964629CC1EF9B48600CAA16E /* LeftToRightScreenAnimator.swift in Sources */ = {isa = PBXBuildFile; fileRef = 964629CB1EF9B48600CAA16E /* LeftToRightScreenAnimator.swift */; };
		9666A4561E95A9D000CA822F /* FetchFlightsClient.swift in Sources */ = {isa = PBXBuildFile; fileRef = 9666A4551E95A9D000CA822F /* FetchFlightsClient.swift */; };
		967FF6261E9446BF007B56C6 /* Networking.swift in Sources */ = {isa = PBXBuildFile; fileRef = 967FF6251E9446BF007B56C6 /* Networking.swift */; };
		967FF6291E945796007B56C6 /* FetchUserClient.swift in Sources */ = {isa = PBXBuildFile; fileRef = 967FF6281E945796007B56C6 /* FetchUserClient.swift */; };
		96A32C181E96A30500DA7DC1 /* states-cities.json in Resources */ = {isa = PBXBuildFile; fileRef = 96A32C171E96A30500DA7DC1 /* states-cities.json */; };
		96A32C1B1E96A36900DA7DC1 /* Cities.swift in Sources */ = {isa = PBXBuildFile; fileRef = 96A32C1A1E96A36900DA7DC1 /* Cities.swift */; };
		96A32C1D1E96D1EC00DA7DC1 /* AutoCompletionPredictable.swift in Sources */ = {isa = PBXBuildFile; fileRef = 96A32C1C1E96D1EC00DA7DC1 /* AutoCompletionPredictable.swift */; };
		96A32C1F1E98153300DA7DC1 /* SignupClient.swift in Sources */ = {isa = PBXBuildFile; fileRef = 96A32C1E1E98153300DA7DC1 /* SignupClient.swift */; };
		96A32C211E98158D00DA7DC1 /* SignupDTO.swift in Sources */ = {isa = PBXBuildFile; fileRef = 96A32C201E98158D00DA7DC1 /* SignupDTO.swift */; };
		96A758B41EE0CAB500F58A4F /* AirportSearchTableViewController.swift in Sources */ = {isa = PBXBuildFile; fileRef = 96A758B31EE0CAB500F58A4F /* AirportSearchTableViewController.swift */; };
		96AD3BC41EF87B0100004236 /* CustomSegue.swift in Sources */ = {isa = PBXBuildFile; fileRef = 96AD3BC31EF87B0100004236 /* CustomSegue.swift */; };
		96B063D81ED3A4B7006151E5 /* JoystickMapCoordinator.swift in Sources */ = {isa = PBXBuildFile; fileRef = 96B063D71ED3A4B7006151E5 /* JoystickMapCoordinator.swift */; };
		96B1F2CB1EEA0CB500EB5F4A /* Airports.swift in Sources */ = {isa = PBXBuildFile; fileRef = 96B1F2CA1EEA0CB500EB5F4A /* Airports.swift */; };
		96B1F2CD1EEA142C00EB5F4A /* AirportLocation.swift in Sources */ = {isa = PBXBuildFile; fileRef = 96B1F2CC1EEA142C00EB5F4A /* AirportLocation.swift */; };
		96B1F2CF1EEA19A900EB5F4A /* airports.csv in Resources */ = {isa = PBXBuildFile; fileRef = 96B1F2CE1EEA19A900EB5F4A /* airports.csv */; };
		96B1F2D11EEA294E00EB5F4A /* airports.sqlite3 in Resources */ = {isa = PBXBuildFile; fileRef = 96B1F2D01EEA294E00EB5F4A /* airports.sqlite3 */; };
		96B7236D1EA98B5200B2E322 /* AppData.swift in Sources */ = {isa = PBXBuildFile; fileRef = 96B7236C1EA98B5200B2E322 /* AppData.swift */; };
		96B723701EA98B8D00B2E322 /* RealmConfiguration.swift in Sources */ = {isa = PBXBuildFile; fileRef = 96B7236F1EA98B8D00B2E322 /* RealmConfiguration.swift */; };
		96B723721EA9B53400B2E322 /* databaseTests.swift in Sources */ = {isa = PBXBuildFile; fileRef = 96B723711EA9B53400B2E322 /* databaseTests.swift */; };
		96B723741EA9E26100B2E322 /* User.swift in Sources */ = {isa = PBXBuildFile; fileRef = 96B723731EA9E26100B2E322 /* User.swift */; };
		96CB0A441EE5DB42004ADEA0 /* PaxPicker.swift in Sources */ = {isa = PBXBuildFile; fileRef = 96CB0A431EE5DB42004ADEA0 /* PaxPicker.swift */; };
		96CB0A461EE5DBF9004ADEA0 /* PaxPicker.xib in Resources */ = {isa = PBXBuildFile; fileRef = 96CB0A451EE5DBF9004ADEA0 /* PaxPicker.xib */; };
		96CB0A491EE75FAA004ADEA0 /* AirportSearchTableViewCell.swift in Sources */ = {isa = PBXBuildFile; fileRef = 96CB0A481EE75FAA004ADEA0 /* AirportSearchTableViewCell.swift */; };
		96CE58F01EE8A12900073BD5 /* AircraftSelectCell.swift in Sources */ = {isa = PBXBuildFile; fileRef = 96CE58EE1EE8A12900073BD5 /* AircraftSelectCell.swift */; };
		96CE58F11EE8A12900073BD5 /* AircraftSelectCell.xib in Resources */ = {isa = PBXBuildFile; fileRef = 96CE58EF1EE8A12900073BD5 /* AircraftSelectCell.xib */; };
		96CE58F41EE8D3A600073BD5 /* AircraftSelectViewController.swift in Sources */ = {isa = PBXBuildFile; fileRef = 96CE58F31EE8D3A600073BD5 /* AircraftSelectViewController.swift */; };
		96CE58F61EE8FBAF00073BD5 /* StyledButton.swift in Sources */ = {isa = PBXBuildFile; fileRef = 96CE58F51EE8FBAF00073BD5 /* StyledButton.swift */; };
		96CE58FA1EE93C6000073BD5 /* ConfirmDetailsScreenVC.swift in Sources */ = {isa = PBXBuildFile; fileRef = 96CE58F91EE93C6000073BD5 /* ConfirmDetailsScreenVC.swift */; };
		96DA35AD1EC1264400D2A0BC /* FlightPanelViewController.swift in Sources */ = {isa = PBXBuildFile; fileRef = 96DA35AC1EC1264400D2A0BC /* FlightPanelViewController.swift */; };
		96DA35B01EC2732C00D2A0BC /* Joystick.swift in Sources */ = {isa = PBXBuildFile; fileRef = 96DA35AF1EC2732C00D2A0BC /* Joystick.swift */; };
		96DA35B31EC281C600D2A0BC /* skylar.xcassets in Resources */ = {isa = PBXBuildFile; fileRef = 96DA35B21EC281C600D2A0BC /* skylar.xcassets */; };
		96DA35B51EC281E400D2A0BC /* Asap in Resources */ = {isa = PBXBuildFile; fileRef = 96DA35B41EC281E400D2A0BC /* Asap */; };
		96DA35B71EC281F400D2A0BC /* Lato in Resources */ = {isa = PBXBuildFile; fileRef = 96DA35B61EC281F400D2A0BC /* Lato */; };
		96DA42371EA7FD670036C227 /* Flight.swift in Sources */ = {isa = PBXBuildFile; fileRef = 96DA42361EA7FD670036C227 /* Flight.swift */; };
		96E53ED31E90378E0045AA06 /* AppDelegate.swift in Sources */ = {isa = PBXBuildFile; fileRef = 96E53ED21E90378E0045AA06 /* AppDelegate.swift */; };
		96E53ED81E90378E0045AA06 /* Main.storyboard in Resources */ = {isa = PBXBuildFile; fileRef = 96E53ED61E90378E0045AA06 /* Main.storyboard */; };
		96E53EDA1E90378E0045AA06 /* Assets.xcassets in Resources */ = {isa = PBXBuildFile; fileRef = 96E53ED91E90378E0045AA06 /* Assets.xcassets */; };
		96E53EDD1E90378E0045AA06 /* LaunchScreen.storyboard in Resources */ = {isa = PBXBuildFile; fileRef = 96E53EDB1E90378E0045AA06 /* LaunchScreen.storyboard */; };
		96E53EE81E90378E0045AA06 /* mavrycTests.swift in Sources */ = {isa = PBXBuildFile; fileRef = 96E53EE71E90378E0045AA06 /* mavrycTests.swift */; };
		96F2FC961E92CD0000C51674 /* AppCoordinator.swift in Sources */ = {isa = PBXBuildFile; fileRef = 96F2FC951E92CD0000C51674 /* AppCoordinator.swift */; };
		96F2FC981E92D29600C51674 /* SafeLog.swift in Sources */ = {isa = PBXBuildFile; fileRef = 96F2FC971E92D29600C51674 /* SafeLog.swift */; };
		96F2FC9B1E92D6FE00C51674 /* AppStyle.swift in Sources */ = {isa = PBXBuildFile; fileRef = 96F2FC9A1E92D6FE00C51674 /* AppStyle.swift */; };
		96F2FC9E1E92D8CC00C51674 /* AppState.swift in Sources */ = {isa = PBXBuildFile; fileRef = 96F2FC9D1E92D8CC00C51674 /* AppState.swift */; };
		96F2FCA21E92D9DA00C51674 /* StoryboardIdentifiable.swift in Sources */ = {isa = PBXBuildFile; fileRef = 96F2FCA11E92D9DA00C51674 /* StoryboardIdentifiable.swift */; };
		96F2FCA51E92DA3400C51674 /* UIViewController+StoryboardIdentifier.swift in Sources */ = {isa = PBXBuildFile; fileRef = 96F2FCA41E92DA3400C51674 /* UIViewController+StoryboardIdentifier.swift */; };
		96F2FCA81E92DA6A00C51674 /* UIStoryboard+Storyboards.swift in Sources */ = {isa = PBXBuildFile; fileRef = 96F2FCA71E92DA6A00C51674 /* UIStoryboard+Storyboards.swift */; };
		96F2FCAC1E92DEE300C51674 /* Onboarding.storyboard in Resources */ = {isa = PBXBuildFile; fileRef = 96F2FCAB1E92DEE300C51674 /* Onboarding.storyboard */; };
		96F2FCAD1E92DEE300C51674 /* Onboarding.storyboard in Resources */ = {isa = PBXBuildFile; fileRef = 96F2FCAB1E92DEE300C51674 /* Onboarding.storyboard */; };
		96F2FCAF1E92DF0D00C51674 /* OnboardingViewController.swift in Sources */ = {isa = PBXBuildFile; fileRef = 96F2FCAE1E92DF0D00C51674 /* OnboardingViewController.swift */; };
		96F2FCB31E92DF4E00C51674 /* MainViewController.swift in Sources */ = {isa = PBXBuildFile; fileRef = 96F2FCB21E92DF4E00C51674 /* MainViewController.swift */; };
		9E6E3AA819379C67449D7679 /* Pods_mavryc.framework in Frameworks */ = {isa = PBXBuildFile; fileRef = 77E884330154E11441155D61 /* Pods_mavryc.framework */; };
		C1F2A423BE36D5082D065416 /* Pods_mavryc_mavrycTests.framework in Frameworks */ = {isa = PBXBuildFile; fileRef = 6CE399F9AC03FE71B57D7BEC /* Pods_mavryc_mavrycTests.framework */; };
/* End PBXBuildFile section */

/* Begin PBXContainerItemProxy section */
		96E53EE41E90378E0045AA06 /* PBXContainerItemProxy */ = {
			isa = PBXContainerItemProxy;
			containerPortal = 96E53EC71E90378E0045AA06 /* Project object */;
			proxyType = 1;
			remoteGlobalIDString = 96E53ECE1E90378E0045AA06;
			remoteInfo = mavryc;
		};
/* End PBXContainerItemProxy section */

/* Begin PBXFileReference section */
		196AE7244B031B9DB1A43ED0 /* Pods-mavryc.release.xcconfig */ = {isa = PBXFileReference; includeInIndex = 1; lastKnownFileType = text.xcconfig; name = "Pods-mavryc.release.xcconfig"; path = "Pods/Target Support Files/Pods-mavryc/Pods-mavryc.release.xcconfig"; sourceTree = "<group>"; };
		23B819C71EB19145006017FC /* LoginDTO.swift */ = {isa = PBXFileReference; fileEncoding = 4; lastKnownFileType = sourcecode.swift; path = LoginDTO.swift; sourceTree = "<group>"; };
		23B819C91EB19198006017FC /* LoginClient.swift */ = {isa = PBXFileReference; fileEncoding = 4; lastKnownFileType = sourcecode.swift; path = LoginClient.swift; sourceTree = "<group>"; };
		6CE399F9AC03FE71B57D7BEC /* Pods_mavryc_mavrycTests.framework */ = {isa = PBXFileReference; explicitFileType = wrapper.framework; includeInIndex = 0; path = Pods_mavryc_mavrycTests.framework; sourceTree = BUILT_PRODUCTS_DIR; };
		77E884330154E11441155D61 /* Pods_mavryc.framework */ = {isa = PBXFileReference; explicitFileType = wrapper.framework; includeInIndex = 0; path = Pods_mavryc.framework; sourceTree = BUILT_PRODUCTS_DIR; };
		7BB6D2AAAA732FB84064959C /* Pods-mavryc-mavrycTests.release.xcconfig */ = {isa = PBXFileReference; includeInIndex = 1; lastKnownFileType = text.xcconfig; name = "Pods-mavryc-mavrycTests.release.xcconfig"; path = "Pods/Target Support Files/Pods-mavryc-mavrycTests/Pods-mavryc-mavrycTests.release.xcconfig"; sourceTree = "<group>"; };
		7BF64E167EC734F4C54DBF17 /* Pods-mavryc.debug.xcconfig */ = {isa = PBXFileReference; includeInIndex = 1; lastKnownFileType = text.xcconfig; name = "Pods-mavryc.debug.xcconfig"; path = "Pods/Target Support Files/Pods-mavryc/Pods-mavryc.debug.xcconfig"; sourceTree = "<group>"; };
		9606FD861EFC62C50059AD47 /* GooglePlacesClient.swift */ = {isa = PBXFileReference; fileEncoding = 4; lastKnownFileType = sourcecode.swift; path = GooglePlacesClient.swift; sourceTree = "<group>"; };
		9606FD881EFC83A50059AD47 /* Notification+Location.swift */ = {isa = PBXFileReference; fileEncoding = 4; lastKnownFileType = sourcecode.swift; path = "Notification+Location.swift"; sourceTree = "<group>"; };
		9606FD8A1EFC85260059AD47 /* Trip.swift */ = {isa = PBXFileReference; fileEncoding = 4; lastKnownFileType = sourcecode.swift; path = Trip.swift; sourceTree = "<group>"; };
		9606FD8C1EFC89E50059AD47 /* TripCoordinator.swift */ = {isa = PBXFileReference; fileEncoding = 4; lastKnownFileType = sourcecode.swift; path = TripCoordinator.swift; sourceTree = "<group>"; };
		9606FD8E1EFCA39C0059AD47 /* FlightInfo.swift */ = {isa = PBXFileReference; fileEncoding = 4; lastKnownFileType = sourcecode.swift; path = FlightInfo.swift; sourceTree = "<group>"; };
		9606FD9A1EFDBD760059AD47 /* tap5.wav */ = {isa = PBXFileReference; lastKnownFileType = audio.wav; path = tap5.wav; sourceTree = "<group>"; };
		960B50E31EC6392F002B1432 /* JourneyDetailsVC.swift */ = {isa = PBXFileReference; fileEncoding = 4; lastKnownFileType = sourcecode.swift; path = JourneyDetailsVC.swift; sourceTree = "<group>"; };
		961E2AC11E985602000F2D64 /* FetchFlightsDTO.swift */ = {isa = PBXFileReference; fileEncoding = 4; lastKnownFileType = sourcecode.swift; path = FetchFlightsDTO.swift; sourceTree = "<group>"; };
		961E2AC61E985A20000F2D64 /* webServiceClientTests.swift */ = {isa = PBXFileReference; fileEncoding = 4; lastKnownFileType = sourcecode.swift; path = webServiceClientTests.swift; sourceTree = "<group>"; };
		962EE1171EBBBA7800797CD9 /* Mapbox.storyboard */ = {isa = PBXFileReference; fileEncoding = 4; lastKnownFileType = file.storyboard; path = Mapbox.storyboard; sourceTree = "<group>"; };
		96395F281EF312070094923F /* UIView+Image.swift */ = {isa = PBXFileReference; fileEncoding = 4; lastKnownFileType = sourcecode.swift; path = "UIView+Image.swift"; sourceTree = "<group>"; };
		96395F2A1EF33D250094923F /* ScreenNavigator.swift */ = {isa = PBXFileReference; fileEncoding = 4; lastKnownFileType = sourcecode.swift; path = ScreenNavigator.swift; sourceTree = "<group>"; };
		96395F2C1EF340BD0094923F /* Notification+Screens.swift */ = {isa = PBXFileReference; fileEncoding = 4; lastKnownFileType = sourcecode.swift; path = "Notification+Screens.swift"; sourceTree = "<group>"; };
		96395F2E1EF472B80094923F /* LocationController.swift */ = {isa = PBXFileReference; fileEncoding = 4; lastKnownFileType = sourcecode.swift; path = LocationController.swift; sourceTree = "<group>"; };
		96395F301EF48D230094923F /* MapController.swift */ = {isa = PBXFileReference; fileEncoding = 4; lastKnownFileType = sourcecode.swift; path = MapController.swift; sourceTree = "<group>"; };
		96395F321EF5B58E0094923F /* JoystickController.swift */ = {isa = PBXFileReference; fileEncoding = 4; lastKnownFileType = sourcecode.swift; path = JoystickController.swift; sourceTree = "<group>"; };
		96395F361EF5DA310094923F /* FeatureFlag.swift */ = {isa = PBXFileReference; fileEncoding = 4; lastKnownFileType = sourcecode.swift; path = FeatureFlag.swift; sourceTree = "<group>"; };
		964629C71EF89C1800CAA16E /* RightToLeftScreenAnimator.swift */ = {isa = PBXFileReference; fileEncoding = 4; lastKnownFileType = sourcecode.swift; path = RightToLeftScreenAnimator.swift; sourceTree = "<group>"; };
		964629C91EF89C8A00CAA16E /* NavigationControllerDelegate.swift */ = {isa = PBXFileReference; fileEncoding = 4; lastKnownFileType = sourcecode.swift; path = NavigationControllerDelegate.swift; sourceTree = "<group>"; };
		964629CB1EF9B48600CAA16E /* LeftToRightScreenAnimator.swift */ = {isa = PBXFileReference; fileEncoding = 4; lastKnownFileType = sourcecode.swift; path = LeftToRightScreenAnimator.swift; sourceTree = "<group>"; };
		9666A4551E95A9D000CA822F /* FetchFlightsClient.swift */ = {isa = PBXFileReference; fileEncoding = 4; lastKnownFileType = sourcecode.swift; path = FetchFlightsClient.swift; sourceTree = "<group>"; };
		967FF6251E9446BF007B56C6 /* Networking.swift */ = {isa = PBXFileReference; fileEncoding = 4; lastKnownFileType = sourcecode.swift; path = Networking.swift; sourceTree = "<group>"; };
		967FF6281E945796007B56C6 /* FetchUserClient.swift */ = {isa = PBXFileReference; fileEncoding = 4; lastKnownFileType = sourcecode.swift; path = FetchUserClient.swift; sourceTree = "<group>"; };
		96A32C171E96A30500DA7DC1 /* states-cities.json */ = {isa = PBXFileReference; fileEncoding = 4; lastKnownFileType = text.json; path = "states-cities.json"; sourceTree = "<group>"; };
		96A32C1A1E96A36900DA7DC1 /* Cities.swift */ = {isa = PBXFileReference; fileEncoding = 4; lastKnownFileType = sourcecode.swift; path = Cities.swift; sourceTree = "<group>"; };
		96A32C1C1E96D1EC00DA7DC1 /* AutoCompletionPredictable.swift */ = {isa = PBXFileReference; fileEncoding = 4; lastKnownFileType = sourcecode.swift; path = AutoCompletionPredictable.swift; sourceTree = "<group>"; };
		96A32C1E1E98153300DA7DC1 /* SignupClient.swift */ = {isa = PBXFileReference; fileEncoding = 4; lastKnownFileType = sourcecode.swift; path = SignupClient.swift; sourceTree = "<group>"; };
		96A32C201E98158D00DA7DC1 /* SignupDTO.swift */ = {isa = PBXFileReference; fileEncoding = 4; lastKnownFileType = sourcecode.swift; path = SignupDTO.swift; sourceTree = "<group>"; };
		96A758B31EE0CAB500F58A4F /* AirportSearchTableViewController.swift */ = {isa = PBXFileReference; fileEncoding = 4; lastKnownFileType = sourcecode.swift; path = AirportSearchTableViewController.swift; sourceTree = "<group>"; };
		96AD3BC31EF87B0100004236 /* CustomSegue.swift */ = {isa = PBXFileReference; fileEncoding = 4; lastKnownFileType = sourcecode.swift; path = CustomSegue.swift; sourceTree = "<group>"; };
		96B063D71ED3A4B7006151E5 /* JoystickMapCoordinator.swift */ = {isa = PBXFileReference; fileEncoding = 4; lastKnownFileType = sourcecode.swift; path = JoystickMapCoordinator.swift; sourceTree = "<group>"; };
		96B1F2CA1EEA0CB500EB5F4A /* Airports.swift */ = {isa = PBXFileReference; fileEncoding = 4; lastKnownFileType = sourcecode.swift; path = Airports.swift; sourceTree = "<group>"; };
		96B1F2CC1EEA142C00EB5F4A /* AirportLocation.swift */ = {isa = PBXFileReference; fileEncoding = 4; lastKnownFileType = sourcecode.swift; path = AirportLocation.swift; sourceTree = "<group>"; };
		96B1F2CE1EEA19A900EB5F4A /* airports.csv */ = {isa = PBXFileReference; fileEncoding = 4; lastKnownFileType = text; path = airports.csv; sourceTree = "<group>"; };
		96B1F2D01EEA294E00EB5F4A /* airports.sqlite3 */ = {isa = PBXFileReference; lastKnownFileType = file; path = airports.sqlite3; sourceTree = "<group>"; };
		96B7236C1EA98B5200B2E322 /* AppData.swift */ = {isa = PBXFileReference; fileEncoding = 4; lastKnownFileType = sourcecode.swift; path = AppData.swift; sourceTree = "<group>"; };
		96B7236F1EA98B8D00B2E322 /* RealmConfiguration.swift */ = {isa = PBXFileReference; fileEncoding = 4; lastKnownFileType = sourcecode.swift; path = RealmConfiguration.swift; sourceTree = "<group>"; };
		96B723711EA9B53400B2E322 /* databaseTests.swift */ = {isa = PBXFileReference; fileEncoding = 4; lastKnownFileType = sourcecode.swift; path = databaseTests.swift; sourceTree = "<group>"; };
		96B723731EA9E26100B2E322 /* User.swift */ = {isa = PBXFileReference; fileEncoding = 4; lastKnownFileType = sourcecode.swift; path = User.swift; sourceTree = "<group>"; };
		96CB0A431EE5DB42004ADEA0 /* PaxPicker.swift */ = {isa = PBXFileReference; fileEncoding = 4; lastKnownFileType = sourcecode.swift; path = PaxPicker.swift; sourceTree = "<group>"; };
		96CB0A451EE5DBF9004ADEA0 /* PaxPicker.xib */ = {isa = PBXFileReference; fileEncoding = 4; lastKnownFileType = file.xib; path = PaxPicker.xib; sourceTree = "<group>"; };
		96CB0A481EE75FAA004ADEA0 /* AirportSearchTableViewCell.swift */ = {isa = PBXFileReference; fileEncoding = 4; lastKnownFileType = sourcecode.swift; path = AirportSearchTableViewCell.swift; sourceTree = "<group>"; };
		96CE58EE1EE8A12900073BD5 /* AircraftSelectCell.swift */ = {isa = PBXFileReference; fileEncoding = 4; lastKnownFileType = sourcecode.swift; path = AircraftSelectCell.swift; sourceTree = "<group>"; };
		96CE58EF1EE8A12900073BD5 /* AircraftSelectCell.xib */ = {isa = PBXFileReference; fileEncoding = 4; lastKnownFileType = file.xib; path = AircraftSelectCell.xib; sourceTree = "<group>"; };
		96CE58F31EE8D3A600073BD5 /* AircraftSelectViewController.swift */ = {isa = PBXFileReference; fileEncoding = 4; lastKnownFileType = sourcecode.swift; path = AircraftSelectViewController.swift; sourceTree = "<group>"; };
		96CE58F51EE8FBAF00073BD5 /* StyledButton.swift */ = {isa = PBXFileReference; fileEncoding = 4; lastKnownFileType = sourcecode.swift; path = StyledButton.swift; sourceTree = "<group>"; };
		96CE58F91EE93C6000073BD5 /* ConfirmDetailsScreenVC.swift */ = {isa = PBXFileReference; fileEncoding = 4; lastKnownFileType = sourcecode.swift; path = ConfirmDetailsScreenVC.swift; sourceTree = "<group>"; };
		96DA35AC1EC1264400D2A0BC /* FlightPanelViewController.swift */ = {isa = PBXFileReference; fileEncoding = 4; lastKnownFileType = sourcecode.swift; path = FlightPanelViewController.swift; sourceTree = "<group>"; };
		96DA35AF1EC2732C00D2A0BC /* Joystick.swift */ = {isa = PBXFileReference; fileEncoding = 4; lastKnownFileType = sourcecode.swift; path = Joystick.swift; sourceTree = "<group>"; };
		96DA35B21EC281C600D2A0BC /* skylar.xcassets */ = {isa = PBXFileReference; lastKnownFileType = folder.assetcatalog; path = skylar.xcassets; sourceTree = "<group>"; };
		96DA35B41EC281E400D2A0BC /* Asap */ = {isa = PBXFileReference; lastKnownFileType = folder; path = Asap; sourceTree = "<group>"; };
		96DA35B61EC281F400D2A0BC /* Lato */ = {isa = PBXFileReference; lastKnownFileType = folder; path = Lato; sourceTree = "<group>"; };
		96DA42361EA7FD670036C227 /* Flight.swift */ = {isa = PBXFileReference; fileEncoding = 4; lastKnownFileType = sourcecode.swift; path = Flight.swift; sourceTree = "<group>"; };
		96E53ECF1E90378E0045AA06 /* mavryc.app */ = {isa = PBXFileReference; explicitFileType = wrapper.application; includeInIndex = 0; path = mavryc.app; sourceTree = BUILT_PRODUCTS_DIR; };
		96E53ED21E90378E0045AA06 /* AppDelegate.swift */ = {isa = PBXFileReference; lastKnownFileType = sourcecode.swift; path = AppDelegate.swift; sourceTree = "<group>"; };
		96E53ED71E90378E0045AA06 /* Base */ = {isa = PBXFileReference; lastKnownFileType = file.storyboard; name = Base; path = Base.lproj/Main.storyboard; sourceTree = "<group>"; };
		96E53ED91E90378E0045AA06 /* Assets.xcassets */ = {isa = PBXFileReference; lastKnownFileType = folder.assetcatalog; path = Assets.xcassets; sourceTree = "<group>"; };
		96E53EDC1E90378E0045AA06 /* Base */ = {isa = PBXFileReference; lastKnownFileType = file.storyboard; name = Base; path = Base.lproj/LaunchScreen.storyboard; sourceTree = "<group>"; };
		96E53EDE1E90378E0045AA06 /* Info.plist */ = {isa = PBXFileReference; lastKnownFileType = text.plist.xml; path = Info.plist; sourceTree = "<group>"; };
		96E53EE31E90378E0045AA06 /* mavrycTests.xctest */ = {isa = PBXFileReference; explicitFileType = wrapper.cfbundle; includeInIndex = 0; path = mavrycTests.xctest; sourceTree = BUILT_PRODUCTS_DIR; };
		96E53EE71E90378E0045AA06 /* mavrycTests.swift */ = {isa = PBXFileReference; lastKnownFileType = sourcecode.swift; path = mavrycTests.swift; sourceTree = "<group>"; };
		96E53EE91E90378E0045AA06 /* Info.plist */ = {isa = PBXFileReference; lastKnownFileType = text.plist.xml; path = Info.plist; sourceTree = "<group>"; };
		96F2FC951E92CD0000C51674 /* AppCoordinator.swift */ = {isa = PBXFileReference; fileEncoding = 4; lastKnownFileType = sourcecode.swift; path = AppCoordinator.swift; sourceTree = "<group>"; };
		96F2FC971E92D29600C51674 /* SafeLog.swift */ = {isa = PBXFileReference; fileEncoding = 4; lastKnownFileType = sourcecode.swift; path = SafeLog.swift; sourceTree = "<group>"; };
		96F2FC9A1E92D6FE00C51674 /* AppStyle.swift */ = {isa = PBXFileReference; fileEncoding = 4; lastKnownFileType = sourcecode.swift; path = AppStyle.swift; sourceTree = "<group>"; };
		96F2FC9D1E92D8CC00C51674 /* AppState.swift */ = {isa = PBXFileReference; fileEncoding = 4; lastKnownFileType = sourcecode.swift; path = AppState.swift; sourceTree = "<group>"; };
		96F2FCA11E92D9DA00C51674 /* StoryboardIdentifiable.swift */ = {isa = PBXFileReference; fileEncoding = 4; lastKnownFileType = sourcecode.swift; path = StoryboardIdentifiable.swift; sourceTree = "<group>"; };
		96F2FCA41E92DA3400C51674 /* UIViewController+StoryboardIdentifier.swift */ = {isa = PBXFileReference; fileEncoding = 4; lastKnownFileType = sourcecode.swift; path = "UIViewController+StoryboardIdentifier.swift"; sourceTree = "<group>"; };
		96F2FCA71E92DA6A00C51674 /* UIStoryboard+Storyboards.swift */ = {isa = PBXFileReference; fileEncoding = 4; lastKnownFileType = sourcecode.swift; path = "UIStoryboard+Storyboards.swift"; sourceTree = "<group>"; };
		96F2FCAB1E92DEE300C51674 /* Onboarding.storyboard */ = {isa = PBXFileReference; fileEncoding = 4; lastKnownFileType = file.storyboard; path = Onboarding.storyboard; sourceTree = "<group>"; };
		96F2FCAE1E92DF0D00C51674 /* OnboardingViewController.swift */ = {isa = PBXFileReference; fileEncoding = 4; lastKnownFileType = sourcecode.swift; path = OnboardingViewController.swift; sourceTree = "<group>"; };
		96F2FCB21E92DF4E00C51674 /* MainViewController.swift */ = {isa = PBXFileReference; fileEncoding = 4; lastKnownFileType = sourcecode.swift; path = MainViewController.swift; sourceTree = "<group>"; };
		F2F8951E5F5E8592861F7180 /* Pods-mavryc-mavrycTests.debug.xcconfig */ = {isa = PBXFileReference; includeInIndex = 1; lastKnownFileType = text.xcconfig; name = "Pods-mavryc-mavrycTests.debug.xcconfig"; path = "Pods/Target Support Files/Pods-mavryc-mavrycTests/Pods-mavryc-mavrycTests.debug.xcconfig"; sourceTree = "<group>"; };
/* End PBXFileReference section */

/* Begin PBXFrameworksBuildPhase section */
		96E53ECC1E90378E0045AA06 /* Frameworks */ = {
			isa = PBXFrameworksBuildPhase;
			buildActionMask = 2147483647;
			files = (
				9E6E3AA819379C67449D7679 /* Pods_mavryc.framework in Frameworks */,
			);
			runOnlyForDeploymentPostprocessing = 0;
		};
		96E53EE01E90378E0045AA06 /* Frameworks */ = {
			isa = PBXFrameworksBuildPhase;
			buildActionMask = 2147483647;
			files = (
				C1F2A423BE36D5082D065416 /* Pods_mavryc_mavrycTests.framework in Frameworks */,
			);
			runOnlyForDeploymentPostprocessing = 0;
		};
/* End PBXFrameworksBuildPhase section */

/* Begin PBXGroup section */
		79119B80E14BE139AFB3149D /* Frameworks */ = {
			isa = PBXGroup;
			children = (
				77E884330154E11441155D61 /* Pods_mavryc.framework */,
				6CE399F9AC03FE71B57D7BEC /* Pods_mavryc_mavrycTests.framework */,
			);
			name = Frameworks;
			sourceTree = "<group>";
		};
		7E1F14508B3D0D397B871C77 /* Pods */ = {
			isa = PBXGroup;
			children = (
				7BF64E167EC734F4C54DBF17 /* Pods-mavryc.debug.xcconfig */,
				196AE7244B031B9DB1A43ED0 /* Pods-mavryc.release.xcconfig */,
				F2F8951E5F5E8592861F7180 /* Pods-mavryc-mavrycTests.debug.xcconfig */,
				7BB6D2AAAA732FB84064959C /* Pods-mavryc-mavrycTests.release.xcconfig */,
			);
			name = Pods;
			sourceTree = "<group>";
		};
		960B50E21EC634B9002B1432 /* panel screens */ = {
			isa = PBXGroup;
			children = (
				96DA35AC1EC1264400D2A0BC /* FlightPanelViewController.swift */,
				962E88DA1EE9A822003DECBF /* screen - journey details */,
				96CE58F21EE8A38100073BD5 /* screen - aircraft select */,
				969EF1C01EEB68CA00A4E6B1 /* screen - confirm */,
				96AD3BC31EF87B0100004236 /* CustomSegue.swift */,
			);
			name = "panel screens";
			sourceTree = "<group>";
		};
		961E2AC41E985913000F2D64 /* flights */ = {
			isa = PBXGroup;
			children = (
				9666A4551E95A9D000CA822F /* FetchFlightsClient.swift */,
				961E2AC11E985602000F2D64 /* FetchFlightsDTO.swift */,
			);
			name = flights;
			sourceTree = "<group>";
		};
		961E2AC51E985924000F2D64 /* user */ = {
			isa = PBXGroup;
			children = (
				96A32C1E1E98153300DA7DC1 /* SignupClient.swift */,
				96A32C201E98158D00DA7DC1 /* SignupDTO.swift */,
				967FF6281E945796007B56C6 /* FetchUserClient.swift */,
				23B819C71EB19145006017FC /* LoginDTO.swift */,
				23B819C91EB19198006017FC /* LoginClient.swift */,
			);
			name = user;
			sourceTree = "<group>";
		};
		962E88D91EE9A7A8003DECBF /* screens */ = {
			isa = PBXGroup;
			children = (
				966CFC0B1EFB2C950045FF34 /* transition animations */,
				96395F2A1EF33D250094923F /* ScreenNavigator.swift */,
				96F2FCB11E92DF1F00C51674 /* main screen */,
				960B50E21EC634B9002B1432 /* panel screens */,
			);
			name = screens;
			sourceTree = "<group>";
		};
		962E88DA1EE9A822003DECBF /* screen - journey details */ = {
			isa = PBXGroup;
			children = (
				960B50E31EC6392F002B1432 /* JourneyDetailsVC.swift */,
				96A758B21EE0CA8F00F58A4F /* airport search control */,
				96CB0A471EE70FA3004ADEA0 /* pax control */,
			);
			name = "screen - journey details";
			sourceTree = "<group>";
		};
		962EE1161EBBBA5B00797CD9 /* mapbox */ = {
			isa = PBXGroup;
			children = (
				962EE1171EBBBA7800797CD9 /* Mapbox.storyboard */,
			);
			name = mapbox;
			sourceTree = "<group>";
		};
		9652283C1EAAA0DE0054DA70 /* map */ = {
			isa = PBXGroup;
			children = (
				96395F2E1EF472B80094923F /* LocationController.swift */,
				96395F301EF48D230094923F /* MapController.swift */,
				962EE1161EBBBA5B00797CD9 /* mapbox */,
			);
			name = map;
			sourceTree = "<group>";
		};
		966CFC0B1EFB2C950045FF34 /* transition animations */ = {
			isa = PBXGroup;
			children = (
				964629C91EF89C8A00CAA16E /* NavigationControllerDelegate.swift */,
				964629C71EF89C1800CAA16E /* RightToLeftScreenAnimator.swift */,
				964629CB1EF9B48600CAA16E /* LeftToRightScreenAnimator.swift */,
			);
			name = "transition animations";
			sourceTree = "<group>";
		};
		967FF6271E945768007B56C6 /* clients */ = {
			isa = PBXGroup;
			children = (
				961E2AC51E985924000F2D64 /* user */,
				961E2AC41E985913000F2D64 /* flights */,
			);
			name = clients;
			sourceTree = "<group>";
		};
		969EF1BD1EEB293300A4E6B1 /* sound */ = {
			isa = PBXGroup;
			children = (
				9606FD9A1EFDBD760059AD47 /* tap5.wav */,
			);
			name = sound;
			sourceTree = "<group>";
		};
		969EF1C01EEB68CA00A4E6B1 /* screen - confirm */ = {
			isa = PBXGroup;
			children = (
				96CE58F91EE93C6000073BD5 /* ConfirmDetailsScreenVC.swift */,
			);
			name = "screen - confirm";
			sourceTree = "<group>";
		};
		96A32C161E96A1A900DA7DC1 /* data */ = {
			isa = PBXGroup;
			children = (
				96B1F2D01EEA294E00EB5F4A /* airports.sqlite3 */,
				96B1F2CE1EEA19A900EB5F4A /* airports.csv */,
				96A32C171E96A30500DA7DC1 /* states-cities.json */,
			);
			name = data;
			sourceTree = "<group>";
		};
		96A32C191E96A34800DA7DC1 /* models */ = {
			isa = PBXGroup;
			children = (
				96A32C1C1E96D1EC00DA7DC1 /* AutoCompletionPredictable.swift */,
				9606FD861EFC62C50059AD47 /* GooglePlacesClient.swift */,
				96A32C1A1E96A36900DA7DC1 /* Cities.swift */,
				96DA42361EA7FD670036C227 /* Flight.swift */,
				96B723731EA9E26100B2E322 /* User.swift */,
				96B1F2CA1EEA0CB500EB5F4A /* Airports.swift */,
				96B1F2CC1EEA142C00EB5F4A /* AirportLocation.swift */,
				9606FD8A1EFC85260059AD47 /* Trip.swift */,
				9606FD8C1EFC89E50059AD47 /* TripCoordinator.swift */,
				9606FD8E1EFCA39C0059AD47 /* FlightInfo.swift */,
			);
			name = models;
			sourceTree = "<group>";
		};
		96A758B21EE0CA8F00F58A4F /* airport search control */ = {
			isa = PBXGroup;
			children = (
				96A758B31EE0CAB500F58A4F /* AirportSearchTableViewController.swift */,
				96CB0A481EE75FAA004ADEA0 /* AirportSearchTableViewCell.swift */,
			);
			name = "airport search control";
			sourceTree = "<group>";
		};
		96B7236E1EA98B7000B2E322 /* database */ = {
			isa = PBXGroup;
			children = (
				96B7236F1EA98B8D00B2E322 /* RealmConfiguration.swift */,
			);
			name = database;
			sourceTree = "<group>";
		};
		96CB0A471EE70FA3004ADEA0 /* pax control */ = {
			isa = PBXGroup;
			children = (
				96CB0A431EE5DB42004ADEA0 /* PaxPicker.swift */,
				96CB0A451EE5DBF9004ADEA0 /* PaxPicker.xib */,
			);
			name = "pax control";
			sourceTree = "<group>";
		};
		96CE58F21EE8A38100073BD5 /* screen - aircraft select */ = {
			isa = PBXGroup;
			children = (
				96CE58F31EE8D3A600073BD5 /* AircraftSelectViewController.swift */,
				96CE58EE1EE8A12900073BD5 /* AircraftSelectCell.swift */,
				96CE58EF1EE8A12900073BD5 /* AircraftSelectCell.xib */,
			);
			name = "screen - aircraft select";
			sourceTree = "<group>";
		};
		96CE58F71EE8FBB900073BD5 /* common_ui */ = {
			isa = PBXGroup;
			children = (
				96CE58F51EE8FBAF00073BD5 /* StyledButton.swift */,
			);
			name = common_ui;
			sourceTree = "<group>";
		};
		96DA35AE1EC2731000D2A0BC /* joystick */ = {
			isa = PBXGroup;
			children = (
				96395F321EF5B58E0094923F /* JoystickController.swift */,
				96DA35AF1EC2732C00D2A0BC /* Joystick.swift */,
				96B063D71ED3A4B7006151E5 /* JoystickMapCoordinator.swift */,
			);
			name = joystick;
			sourceTree = "<group>";
		};
		96DA35B11EC2812C00D2A0BC /* skylar_assets */ = {
			isa = PBXGroup;
			children = (
				969EF1BD1EEB293300A4E6B1 /* sound */,
				96DA35B61EC281F400D2A0BC /* Lato */,
				96DA35B41EC281E400D2A0BC /* Asap */,
				96DA35B21EC281C600D2A0BC /* skylar.xcassets */,
			);
			name = skylar_assets;
			sourceTree = "<group>";
		};
		96E53EC61E90378E0045AA06 = {
			isa = PBXGroup;
			children = (
				96E53ED11E90378E0045AA06 /* mavryc */,
				96E53EE61E90378E0045AA06 /* mavrycTests */,
				96E53ED01E90378E0045AA06 /* Products */,
				7E1F14508B3D0D397B871C77 /* Pods */,
				79119B80E14BE139AFB3149D /* Frameworks */,
			);
			sourceTree = "<group>";
		};
		96E53ED01E90378E0045AA06 /* Products */ = {
			isa = PBXGroup;
			children = (
				96E53ECF1E90378E0045AA06 /* mavryc.app */,
				96E53EE31E90378E0045AA06 /* mavrycTests.xctest */,
			);
			name = Products;
			sourceTree = "<group>";
		};
		96E53ED11E90378E0045AA06 /* mavryc */ = {
			isa = PBXGroup;
			children = (
				96E53EF21E9037B70045AA06 /* application */,
				96E53EF31E9037EB0045AA06 /* resources */,
				96E53EF61E903AA00045AA06 /* networking */,
				96A32C191E96A34800DA7DC1 /* models */,
				96E53EF71E903AC70045AA06 /* features */,
				96B7236E1EA98B7000B2E322 /* database */,
				96E53EF91E903B440045AA06 /* extensions */,
				96F2FCB51E92FACA00C51674 /* logging */,
				96F2FCA01E92D9A900C51674 /* storyboard support */,
			);
			path = mavryc;
			sourceTree = "<group>";
		};
		96E53EE61E90378E0045AA06 /* mavrycTests */ = {
			isa = PBXGroup;
			children = (
				96E53EE71E90378E0045AA06 /* mavrycTests.swift */,
				961E2AC61E985A20000F2D64 /* webServiceClientTests.swift */,
				96B723711EA9B53400B2E322 /* databaseTests.swift */,
				96E53EE91E90378E0045AA06 /* Info.plist */,
			);
			path = mavrycTests;
			sourceTree = "<group>";
		};
		96E53EF21E9037B70045AA06 /* application */ = {
			isa = PBXGroup;
			children = (
				96E53ED21E90378E0045AA06 /* AppDelegate.swift */,
				96F2FC951E92CD0000C51674 /* AppCoordinator.swift */,
				96F2FC9A1E92D6FE00C51674 /* AppStyle.swift */,
				96F2FC9D1E92D8CC00C51674 /* AppState.swift */,
				96B7236C1EA98B5200B2E322 /* AppData.swift */,
				96395F361EF5DA310094923F /* FeatureFlag.swift */,
			);
			name = application;
			sourceTree = "<group>";
		};
		96E53EF31E9037EB0045AA06 /* resources */ = {
			isa = PBXGroup;
			children = (
				96DA35B11EC2812C00D2A0BC /* skylar_assets */,
				96E53EDB1E90378E0045AA06 /* LaunchScreen.storyboard */,
				96E53EDE1E90378E0045AA06 /* Info.plist */,
				96E53ED91E90378E0045AA06 /* Assets.xcassets */,
				96A32C161E96A1A900DA7DC1 /* data */,
			);
			name = resources;
			sourceTree = "<group>";
		};
		96E53EF41E90387B0045AA06 /* pay */ = {
			isa = PBXGroup;
			children = (
			);
			name = pay;
			sourceTree = "<group>";
		};
		96E53EF61E903AA00045AA06 /* networking */ = {
			isa = PBXGroup;
			children = (
				967FF6251E9446BF007B56C6 /* Networking.swift */,
				967FF6271E945768007B56C6 /* clients */,
			);
			name = networking;
			sourceTree = "<group>";
		};
		96E53EF71E903AC70045AA06 /* features */ = {
			isa = PBXGroup;
			children = (
				962E88D91EE9A7A8003DECBF /* screens */,
				96DA35AE1EC2731000D2A0BC /* joystick */,
				9652283C1EAAA0DE0054DA70 /* map */,
				96F2FCAA1E92DBE800C51674 /* onboarding */,
				96E53EF41E90387B0045AA06 /* pay */,
				96E53EF81E903AEC0045AA06 /* signup */,
				96CE58F71EE8FBB900073BD5 /* common_ui */,
			);
			name = features;
			sourceTree = "<group>";
		};
		96E53EF81E903AEC0045AA06 /* signup */ = {
			isa = PBXGroup;
			children = (
			);
			name = signup;
			sourceTree = "<group>";
		};
		96E53EF91E903B440045AA06 /* extensions */ = {
			isa = PBXGroup;
			children = (
				96395F281EF312070094923F /* UIView+Image.swift */,
				96395F2C1EF340BD0094923F /* Notification+Screens.swift */,
				9606FD881EFC83A50059AD47 /* Notification+Location.swift */,
			);
			name = extensions;
			sourceTree = "<group>";
		};
		96F2FCA01E92D9A900C51674 /* storyboard support */ = {
			isa = PBXGroup;
			children = (
				96F2FCA11E92D9DA00C51674 /* StoryboardIdentifiable.swift */,
				96F2FCA41E92DA3400C51674 /* UIViewController+StoryboardIdentifier.swift */,
				96F2FCA71E92DA6A00C51674 /* UIStoryboard+Storyboards.swift */,
			);
			name = "storyboard support";
			sourceTree = "<group>";
		};
		96F2FCAA1E92DBE800C51674 /* onboarding */ = {
			isa = PBXGroup;
			children = (
				96F2FCAB1E92DEE300C51674 /* Onboarding.storyboard */,
				96F2FCAE1E92DF0D00C51674 /* OnboardingViewController.swift */,
			);
			name = onboarding;
			sourceTree = "<group>";
		};
		96F2FCB11E92DF1F00C51674 /* main screen */ = {
			isa = PBXGroup;
			children = (
				96E53ED61E90378E0045AA06 /* Main.storyboard */,
				96F2FCB21E92DF4E00C51674 /* MainViewController.swift */,
			);
			name = "main screen";
			sourceTree = "<group>";
		};
		96F2FCB51E92FACA00C51674 /* logging */ = {
			isa = PBXGroup;
			children = (
				96F2FC971E92D29600C51674 /* SafeLog.swift */,
			);
			name = logging;
			sourceTree = "<group>";
		};
/* End PBXGroup section */

/* Begin PBXNativeTarget section */
		96E53ECE1E90378E0045AA06 /* mavryc */ = {
			isa = PBXNativeTarget;
			buildConfigurationList = 96E53EEC1E90378E0045AA06 /* Build configuration list for PBXNativeTarget "mavryc" */;
			buildPhases = (
				8913335D9670816F0E83AB46 /* [CP] Check Pods Manifest.lock */,
				96E53ECB1E90378E0045AA06 /* Sources */,
				96E53ECC1E90378E0045AA06 /* Frameworks */,
				96E53ECD1E90378E0045AA06 /* Resources */,
				66213C8C33A9ECB9AE0A4F70 /* [CP] Embed Pods Frameworks */,
				EB52CE5DB093CB1443AFEFA2 /* [CP] Copy Pods Resources */,
			);
			buildRules = (
			);
			dependencies = (
			);
			name = mavryc;
			productName = mavryc;
			productReference = 96E53ECF1E90378E0045AA06 /* mavryc.app */;
			productType = "com.apple.product-type.application";
		};
		96E53EE21E90378E0045AA06 /* mavrycTests */ = {
			isa = PBXNativeTarget;
			buildConfigurationList = 96E53EEF1E90378E0045AA06 /* Build configuration list for PBXNativeTarget "mavrycTests" */;
			buildPhases = (
				E0EF53E9A481E9344E381DA8 /* [CP] Check Pods Manifest.lock */,
				96E53EDF1E90378E0045AA06 /* Sources */,
				96E53EE01E90378E0045AA06 /* Frameworks */,
				96E53EE11E90378E0045AA06 /* Resources */,
				A1A120A974CC6CD1CE67DD80 /* [CP] Embed Pods Frameworks */,
				E5BE1DB17A282E23A72A0837 /* [CP] Copy Pods Resources */,
			);
			buildRules = (
			);
			dependencies = (
				96E53EE51E90378E0045AA06 /* PBXTargetDependency */,
			);
			name = mavrycTests;
			productName = mavrycTests;
			productReference = 96E53EE31E90378E0045AA06 /* mavrycTests.xctest */;
			productType = "com.apple.product-type.bundle.unit-test";
		};
/* End PBXNativeTarget section */

/* Begin PBXProject section */
		96E53EC71E90378E0045AA06 /* Project object */ = {
			isa = PBXProject;
			attributes = {
				LastSwiftUpdateCheck = 0820;
				LastUpgradeCheck = 0820;
				ORGANIZATIONNAME = "Mavryc Technologies, Inc";
				TargetAttributes = {
					96E53ECE1E90378E0045AA06 = {
						CreatedOnToolsVersion = 8.2.1;
						DevelopmentTeam = 8H5S399Z5A;
						ProvisioningStyle = Manual;
					};
					96E53EE21E90378E0045AA06 = {
						CreatedOnToolsVersion = 8.2.1;
						DevelopmentTeam = 8H5S399Z5A;
						ProvisioningStyle = Automatic;
						TestTargetID = 96E53ECE1E90378E0045AA06;
					};
				};
			};
			buildConfigurationList = 96E53ECA1E90378E0045AA06 /* Build configuration list for PBXProject "mavryc" */;
			compatibilityVersion = "Xcode 3.2";
			developmentRegion = English;
			hasScannedForEncodings = 0;
			knownRegions = (
				en,
				Base,
			);
			mainGroup = 96E53EC61E90378E0045AA06;
			productRefGroup = 96E53ED01E90378E0045AA06 /* Products */;
			projectDirPath = "";
			projectRoot = "";
			targets = (
				96E53ECE1E90378E0045AA06 /* mavryc */,
				96E53EE21E90378E0045AA06 /* mavrycTests */,
			);
		};
/* End PBXProject section */

/* Begin PBXResourcesBuildPhase section */
		96E53ECD1E90378E0045AA06 /* Resources */ = {
			isa = PBXResourcesBuildPhase;
			buildActionMask = 2147483647;
			files = (
				96E53EDD1E90378E0045AA06 /* LaunchScreen.storyboard in Resources */,
				96DA35B71EC281F400D2A0BC /* Lato in Resources */,
				96CB0A461EE5DBF9004ADEA0 /* PaxPicker.xib in Resources */,
				96E53EDA1E90378E0045AA06 /* Assets.xcassets in Resources */,
				96A32C181E96A30500DA7DC1 /* states-cities.json in Resources */,
				96E53ED81E90378E0045AA06 /* Main.storyboard in Resources */,
				96DA35B31EC281C600D2A0BC /* skylar.xcassets in Resources */,
				96F2FCAC1E92DEE300C51674 /* Onboarding.storyboard in Resources */,
				96B1F2CF1EEA19A900EB5F4A /* airports.csv in Resources */,
				9606FD9B1EFDBD760059AD47 /* tap5.wav in Resources */,
				96DA35B51EC281E400D2A0BC /* Asap in Resources */,
				962EE1181EBBBA7800797CD9 /* Mapbox.storyboard in Resources */,
				96B1F2D11EEA294E00EB5F4A /* airports.sqlite3 in Resources */,
				96CE58F11EE8A12900073BD5 /* AircraftSelectCell.xib in Resources */,
			);
			runOnlyForDeploymentPostprocessing = 0;
		};
		96E53EE11E90378E0045AA06 /* Resources */ = {
			isa = PBXResourcesBuildPhase;
			buildActionMask = 2147483647;
			files = (
				96F2FCAD1E92DEE300C51674 /* Onboarding.storyboard in Resources */,
			);
			runOnlyForDeploymentPostprocessing = 0;
		};
/* End PBXResourcesBuildPhase section */

/* Begin PBXShellScriptBuildPhase section */
		66213C8C33A9ECB9AE0A4F70 /* [CP] Embed Pods Frameworks */ = {
			isa = PBXShellScriptBuildPhase;
			buildActionMask = 2147483647;
			files = (
			);
			inputPaths = (
			);
			name = "[CP] Embed Pods Frameworks";
			outputPaths = (
			);
			runOnlyForDeploymentPostprocessing = 0;
			shellPath = /bin/sh;
			shellScript = "\"${SRCROOT}/Pods/Target Support Files/Pods-mavryc/Pods-mavryc-frameworks.sh\"\n";
			showEnvVarsInLog = 0;
		};
		8913335D9670816F0E83AB46 /* [CP] Check Pods Manifest.lock */ = {
			isa = PBXShellScriptBuildPhase;
			buildActionMask = 2147483647;
			files = (
			);
			inputPaths = (
			);
			name = "[CP] Check Pods Manifest.lock";
			outputPaths = (
			);
			runOnlyForDeploymentPostprocessing = 0;
			shellPath = /bin/sh;
			shellScript = "diff \"${PODS_ROOT}/../Podfile.lock\" \"${PODS_ROOT}/Manifest.lock\" > /dev/null\nif [ $? != 0 ] ; then\n    # print error to STDERR\n    echo \"error: The sandbox is not in sync with the Podfile.lock. Run 'pod install' or update your CocoaPods installation.\" >&2\n    exit 1\nfi\n";
			showEnvVarsInLog = 0;
		};
		A1A120A974CC6CD1CE67DD80 /* [CP] Embed Pods Frameworks */ = {
			isa = PBXShellScriptBuildPhase;
			buildActionMask = 2147483647;
			files = (
			);
			inputPaths = (
			);
			name = "[CP] Embed Pods Frameworks";
			outputPaths = (
			);
			runOnlyForDeploymentPostprocessing = 0;
			shellPath = /bin/sh;
			shellScript = "\"${SRCROOT}/Pods/Target Support Files/Pods-mavryc-mavrycTests/Pods-mavryc-mavrycTests-frameworks.sh\"\n";
			showEnvVarsInLog = 0;
		};
		E0EF53E9A481E9344E381DA8 /* [CP] Check Pods Manifest.lock */ = {
			isa = PBXShellScriptBuildPhase;
			buildActionMask = 2147483647;
			files = (
			);
			inputPaths = (
			);
			name = "[CP] Check Pods Manifest.lock";
			outputPaths = (
			);
			runOnlyForDeploymentPostprocessing = 0;
			shellPath = /bin/sh;
			shellScript = "diff \"${PODS_ROOT}/../Podfile.lock\" \"${PODS_ROOT}/Manifest.lock\" > /dev/null\nif [ $? != 0 ] ; then\n    # print error to STDERR\n    echo \"error: The sandbox is not in sync with the Podfile.lock. Run 'pod install' or update your CocoaPods installation.\" >&2\n    exit 1\nfi\n";
			showEnvVarsInLog = 0;
		};
		E5BE1DB17A282E23A72A0837 /* [CP] Copy Pods Resources */ = {
			isa = PBXShellScriptBuildPhase;
			buildActionMask = 2147483647;
			files = (
			);
			inputPaths = (
			);
			name = "[CP] Copy Pods Resources";
			outputPaths = (
			);
			runOnlyForDeploymentPostprocessing = 0;
			shellPath = /bin/sh;
			shellScript = "\"${SRCROOT}/Pods/Target Support Files/Pods-mavryc-mavrycTests/Pods-mavryc-mavrycTests-resources.sh\"\n";
			showEnvVarsInLog = 0;
		};
		EB52CE5DB093CB1443AFEFA2 /* [CP] Copy Pods Resources */ = {
			isa = PBXShellScriptBuildPhase;
			buildActionMask = 2147483647;
			files = (
			);
			inputPaths = (
			);
			name = "[CP] Copy Pods Resources";
			outputPaths = (
			);
			runOnlyForDeploymentPostprocessing = 0;
			shellPath = /bin/sh;
			shellScript = "\"${SRCROOT}/Pods/Target Support Files/Pods-mavryc/Pods-mavryc-resources.sh\"\n";
			showEnvVarsInLog = 0;
		};
/* End PBXShellScriptBuildPhase section */

/* Begin PBXSourcesBuildPhase section */
		96E53ECB1E90378E0045AA06 /* Sources */ = {
			isa = PBXSourcesBuildPhase;
			buildActionMask = 2147483647;
			files = (
				96CE58F41EE8D3A600073BD5 /* AircraftSelectViewController.swift in Sources */,
				9606FD891EFC83A50059AD47 /* Notification+Location.swift in Sources */,
				96F2FCA21E92D9DA00C51674 /* StoryboardIdentifiable.swift in Sources */,
				9606FD8D1EFC89E50059AD47 /* TripCoordinator.swift in Sources */,
				23B819C81EB19145006017FC /* LoginDTO.swift in Sources */,
				96395F2B1EF33D250094923F /* ScreenNavigator.swift in Sources */,
				96CE58FA1EE93C6000073BD5 /* ConfirmDetailsScreenVC.swift in Sources */,
				967FF6261E9446BF007B56C6 /* Networking.swift in Sources */,
				96A32C1F1E98153300DA7DC1 /* SignupClient.swift in Sources */,
				96F2FCB31E92DF4E00C51674 /* MainViewController.swift in Sources */,
				96F2FC961E92CD0000C51674 /* AppCoordinator.swift in Sources */,
				96A32C1B1E96A36900DA7DC1 /* Cities.swift in Sources */,
				96A758B41EE0CAB500F58A4F /* AirportSearchTableViewController.swift in Sources */,
				961E2AC21E985602000F2D64 /* FetchFlightsDTO.swift in Sources */,
				96395F311EF48D230094923F /* MapController.swift in Sources */,
				96B723701EA98B8D00B2E322 /* RealmConfiguration.swift in Sources */,
				9606FD8B1EFC85260059AD47 /* Trip.swift in Sources */,
				96B063D81ED3A4B7006151E5 /* JoystickMapCoordinator.swift in Sources */,
				96B1F2CB1EEA0CB500EB5F4A /* Airports.swift in Sources */,
				96DA35B01EC2732C00D2A0BC /* Joystick.swift in Sources */,
				96F2FCA51E92DA3400C51674 /* UIViewController+StoryboardIdentifier.swift in Sources */,
				960B50E41EC6392F002B1432 /* JourneyDetailsVC.swift in Sources */,
				96A32C1D1E96D1EC00DA7DC1 /* AutoCompletionPredictable.swift in Sources */,
				96395F331EF5B58E0094923F /* JoystickController.swift in Sources */,
				9606FD871EFC62C50059AD47 /* GooglePlacesClient.swift in Sources */,
				96B723741EA9E26100B2E322 /* User.swift in Sources */,
				96DA35AD1EC1264400D2A0BC /* FlightPanelViewController.swift in Sources */,
				96CB0A491EE75FAA004ADEA0 /* AirportSearchTableViewCell.swift in Sources */,
				96CE58F61EE8FBAF00073BD5 /* StyledButton.swift in Sources */,
				96A32C211E98158D00DA7DC1 /* SignupDTO.swift in Sources */,
				96CB0A441EE5DB42004ADEA0 /* PaxPicker.swift in Sources */,
				964629C81EF89C1800CAA16E /* RightToLeftScreenAnimator.swift in Sources */,
				9666A4561E95A9D000CA822F /* FetchFlightsClient.swift in Sources */,
				96B1F2CD1EEA142C00EB5F4A /* AirportLocation.swift in Sources */,
				967FF6291E945796007B56C6 /* FetchUserClient.swift in Sources */,
				23B819CA1EB19198006017FC /* LoginClient.swift in Sources */,
				96AD3BC41EF87B0100004236 /* CustomSegue.swift in Sources */,
				964629CC1EF9B48600CAA16E /* LeftToRightScreenAnimator.swift in Sources */,
				96F2FC9B1E92D6FE00C51674 /* AppStyle.swift in Sources */,
				96F2FC981E92D29600C51674 /* SafeLog.swift in Sources */,
				96DA42371EA7FD670036C227 /* Flight.swift in Sources */,
				96395F371EF5DA310094923F /* FeatureFlag.swift in Sources */,
				96F2FC9E1E92D8CC00C51674 /* AppState.swift in Sources */,
				964629CA1EF89C8B00CAA16E /* NavigationControllerDelegate.swift in Sources */,
				96395F2F1EF472B80094923F /* LocationController.swift in Sources */,
				96CE58F01EE8A12900073BD5 /* AircraftSelectCell.swift in Sources */,
				96F2FCAF1E92DF0D00C51674 /* OnboardingViewController.swift in Sources */,
				96395F2D1EF340BD0094923F /* Notification+Screens.swift in Sources */,
				96395F291EF312070094923F /* UIView+Image.swift in Sources */,
				96E53ED31E90378E0045AA06 /* AppDelegate.swift in Sources */,
				96F2FCA81E92DA6A00C51674 /* UIStoryboard+Storyboards.swift in Sources */,
				96B7236D1EA98B5200B2E322 /* AppData.swift in Sources */,
				9606FD8F1EFCA39C0059AD47 /* FlightInfo.swift in Sources */,
			);
			runOnlyForDeploymentPostprocessing = 0;
		};
		96E53EDF1E90378E0045AA06 /* Sources */ = {
			isa = PBXSourcesBuildPhase;
			buildActionMask = 2147483647;
			files = (
				23B819CB1EB19493006017FC /* LoginClient.swift in Sources */,
				23B819CD1EB194AB006017FC /* LoginDTO.swift in Sources */,
				23B819CC1EB194A7006017FC /* Networking.swift in Sources */,
				96E53EE81E90378E0045AA06 /* mavrycTests.swift in Sources */,
				96B723721EA9B53400B2E322 /* databaseTests.swift in Sources */,
				961E2AC71E985A20000F2D64 /* webServiceClientTests.swift in Sources */,
			);
			runOnlyForDeploymentPostprocessing = 0;
		};
/* End PBXSourcesBuildPhase section */

/* Begin PBXTargetDependency section */
		96E53EE51E90378E0045AA06 /* PBXTargetDependency */ = {
			isa = PBXTargetDependency;
			target = 96E53ECE1E90378E0045AA06 /* mavryc */;
			targetProxy = 96E53EE41E90378E0045AA06 /* PBXContainerItemProxy */;
		};
/* End PBXTargetDependency section */

/* Begin PBXVariantGroup section */
		96E53ED61E90378E0045AA06 /* Main.storyboard */ = {
			isa = PBXVariantGroup;
			children = (
				96E53ED71E90378E0045AA06 /* Base */,
			);
			name = Main.storyboard;
			sourceTree = "<group>";
		};
		96E53EDB1E90378E0045AA06 /* LaunchScreen.storyboard */ = {
			isa = PBXVariantGroup;
			children = (
				96E53EDC1E90378E0045AA06 /* Base */,
			);
			name = LaunchScreen.storyboard;
			sourceTree = "<group>";
		};
/* End PBXVariantGroup section */

/* Begin XCBuildConfiguration section */
		96E53EEA1E90378E0045AA06 /* Debug */ = {
			isa = XCBuildConfiguration;
			buildSettings = {
				ALWAYS_SEARCH_USER_PATHS = NO;
				CLANG_ANALYZER_NONNULL = YES;
				CLANG_CXX_LANGUAGE_STANDARD = "gnu++0x";
				CLANG_CXX_LIBRARY = "libc++";
				CLANG_ENABLE_MODULES = YES;
				CLANG_ENABLE_OBJC_ARC = YES;
				CLANG_WARN_BOOL_CONVERSION = YES;
				CLANG_WARN_CONSTANT_CONVERSION = YES;
				CLANG_WARN_DIRECT_OBJC_ISA_USAGE = YES_ERROR;
				CLANG_WARN_DOCUMENTATION_COMMENTS = YES;
				CLANG_WARN_EMPTY_BODY = YES;
				CLANG_WARN_ENUM_CONVERSION = YES;
				CLANG_WARN_INFINITE_RECURSION = YES;
				CLANG_WARN_INT_CONVERSION = YES;
				CLANG_WARN_OBJC_ROOT_CLASS = YES_ERROR;
				CLANG_WARN_SUSPICIOUS_MOVE = YES;
				CLANG_WARN_UNREACHABLE_CODE = YES;
				CLANG_WARN__DUPLICATE_METHOD_MATCH = YES;
				"CODE_SIGN_IDENTITY[sdk=iphoneos*]" = "iPhone Developer";
				COPY_PHASE_STRIP = NO;
				DEBUG_INFORMATION_FORMAT = dwarf;
				ENABLE_STRICT_OBJC_MSGSEND = YES;
				ENABLE_TESTABILITY = YES;
				GCC_C_LANGUAGE_STANDARD = gnu99;
				GCC_DYNAMIC_NO_PIC = NO;
				GCC_NO_COMMON_BLOCKS = YES;
				GCC_OPTIMIZATION_LEVEL = 0;
				GCC_PREPROCESSOR_DEFINITIONS = (
					"DEBUG=1",
					"$(inherited)",
				);
				GCC_WARN_64_TO_32_BIT_CONVERSION = YES;
				GCC_WARN_ABOUT_RETURN_TYPE = YES_ERROR;
				GCC_WARN_UNDECLARED_SELECTOR = YES;
				GCC_WARN_UNINITIALIZED_AUTOS = YES_AGGRESSIVE;
				GCC_WARN_UNUSED_FUNCTION = YES;
				GCC_WARN_UNUSED_VARIABLE = YES;
				IPHONEOS_DEPLOYMENT_TARGET = 9.0;
				MTL_ENABLE_DEBUG_INFO = YES;
				ONLY_ACTIVE_ARCH = YES;
				SDKROOT = iphoneos;
				SWIFT_ACTIVE_COMPILATION_CONDITIONS = DEBUG;
				SWIFT_OPTIMIZATION_LEVEL = "-Onone";
			};
			name = Debug;
		};
		96E53EEB1E90378E0045AA06 /* Release */ = {
			isa = XCBuildConfiguration;
			buildSettings = {
				ALWAYS_SEARCH_USER_PATHS = NO;
				CLANG_ANALYZER_NONNULL = YES;
				CLANG_CXX_LANGUAGE_STANDARD = "gnu++0x";
				CLANG_CXX_LIBRARY = "libc++";
				CLANG_ENABLE_MODULES = YES;
				CLANG_ENABLE_OBJC_ARC = YES;
				CLANG_WARN_BOOL_CONVERSION = YES;
				CLANG_WARN_CONSTANT_CONVERSION = YES;
				CLANG_WARN_DIRECT_OBJC_ISA_USAGE = YES_ERROR;
				CLANG_WARN_DOCUMENTATION_COMMENTS = YES;
				CLANG_WARN_EMPTY_BODY = YES;
				CLANG_WARN_ENUM_CONVERSION = YES;
				CLANG_WARN_INFINITE_RECURSION = YES;
				CLANG_WARN_INT_CONVERSION = YES;
				CLANG_WARN_OBJC_ROOT_CLASS = YES_ERROR;
				CLANG_WARN_SUSPICIOUS_MOVE = YES;
				CLANG_WARN_UNREACHABLE_CODE = YES;
				CLANG_WARN__DUPLICATE_METHOD_MATCH = YES;
				"CODE_SIGN_IDENTITY[sdk=iphoneos*]" = "iPhone Developer";
				COPY_PHASE_STRIP = NO;
				DEBUG_INFORMATION_FORMAT = "dwarf-with-dsym";
				ENABLE_NS_ASSERTIONS = NO;
				ENABLE_STRICT_OBJC_MSGSEND = YES;
				GCC_C_LANGUAGE_STANDARD = gnu99;
				GCC_NO_COMMON_BLOCKS = YES;
				GCC_WARN_64_TO_32_BIT_CONVERSION = YES;
				GCC_WARN_ABOUT_RETURN_TYPE = YES_ERROR;
				GCC_WARN_UNDECLARED_SELECTOR = YES;
				GCC_WARN_UNINITIALIZED_AUTOS = YES_AGGRESSIVE;
				GCC_WARN_UNUSED_FUNCTION = YES;
				GCC_WARN_UNUSED_VARIABLE = YES;
				IPHONEOS_DEPLOYMENT_TARGET = 9.0;
				MTL_ENABLE_DEBUG_INFO = NO;
				SDKROOT = iphoneos;
				SWIFT_OPTIMIZATION_LEVEL = "-Owholemodule";
				VALIDATE_PRODUCT = YES;
			};
			name = Release;
		};
		96E53EED1E90378E0045AA06 /* Debug */ = {
			isa = XCBuildConfiguration;
			baseConfigurationReference = 7BF64E167EC734F4C54DBF17 /* Pods-mavryc.debug.xcconfig */;
			buildSettings = {
				ASSETCATALOG_COMPILER_APPICON_NAME = AppIcon;
				CURRENT_PROJECT_VERSION = 14;
				DEVELOPMENT_TEAM = 8H5S399Z5A;
				INFOPLIST_FILE = mavryc/Info.plist;
				IPHONEOS_DEPLOYMENT_TARGET = 9.0;
				LD_RUNPATH_SEARCH_PATHS = "$(inherited) @executable_path/Frameworks";
				PRODUCT_BUNDLE_IDENTIFIER = com.mavryc.mavrycalpha;
				PRODUCT_NAME = "$(TARGET_NAME)";
				PROVISIONING_PROFILE = "f8f53e26-3fd8-43a2-b9ad-9c52156b2393";
				PROVISIONING_PROFILE_SPECIFIER = "match Development com.mavryc.mavrycalpha";
				SWIFT_VERSION = 3.0;
				VERSIONING_SYSTEM = "apple-generic";
			};
			name = Debug;
		};
		96E53EEE1E90378E0045AA06 /* Release */ = {
			isa = XCBuildConfiguration;
			baseConfigurationReference = 196AE7244B031B9DB1A43ED0 /* Pods-mavryc.release.xcconfig */;
			buildSettings = {
				ASSETCATALOG_COMPILER_APPICON_NAME = AppIcon;
				"CODE_SIGN_IDENTITY[sdk=iphoneos*]" = "iPhone Distribution";
				CURRENT_PROJECT_VERSION = 14;
				DEVELOPMENT_TEAM = 8H5S399Z5A;
				INFOPLIST_FILE = mavryc/Info.plist;
				IPHONEOS_DEPLOYMENT_TARGET = 9.0;
				LD_RUNPATH_SEARCH_PATHS = "$(inherited) @executable_path/Frameworks";
				PRODUCT_BUNDLE_IDENTIFIER = com.mavryc.mavrycalpha;
				PRODUCT_NAME = "$(TARGET_NAME)";
				PROVISIONING_PROFILE = "1852aa87-453c-4123-9d79-b9763b28be57";
				PROVISIONING_PROFILE_SPECIFIER = "match AppStore com.mavryc.mavrycalpha";
				SWIFT_VERSION = 3.0;
				VERSIONING_SYSTEM = "apple-generic";
			};
			name = Release;
		};
		96E53EF01E90378E0045AA06 /* Debug */ = {
			isa = XCBuildConfiguration;
			baseConfigurationReference = F2F8951E5F5E8592861F7180 /* Pods-mavryc-mavrycTests.debug.xcconfig */;
			buildSettings = {
				ALWAYS_EMBED_SWIFT_STANDARD_LIBRARIES = YES;
				BUNDLE_LOADER = "$(TEST_HOST)";
				DEVELOPMENT_TEAM = 8H5S399Z5A;
				INFOPLIST_FILE = mavrycTests/Info.plist;
				LD_RUNPATH_SEARCH_PATHS = "$(inherited) @executable_path/Frameworks @loader_path/Frameworks";
				PRODUCT_BUNDLE_IDENTIFIER = com.mavryc.mavrycTests;
				PRODUCT_NAME = "$(TARGET_NAME)";
				SWIFT_VERSION = 3.0;
				TEST_HOST = "$(BUILT_PRODUCTS_DIR)/mavryc.app/mavryc";
			};
			name = Debug;
		};
		96E53EF11E90378E0045AA06 /* Release */ = {
			isa = XCBuildConfiguration;
			baseConfigurationReference = 7BB6D2AAAA732FB84064959C /* Pods-mavryc-mavrycTests.release.xcconfig */;
			buildSettings = {
				ALWAYS_EMBED_SWIFT_STANDARD_LIBRARIES = YES;
				BUNDLE_LOADER = "$(TEST_HOST)";
				DEVELOPMENT_TEAM = 8H5S399Z5A;
				INFOPLIST_FILE = mavrycTests/Info.plist;
				LD_RUNPATH_SEARCH_PATHS = "$(inherited) @executable_path/Frameworks @loader_path/Frameworks";
				PRODUCT_BUNDLE_IDENTIFIER = com.mavryc.mavrycTests;
				PRODUCT_NAME = "$(TARGET_NAME)";
				SWIFT_VERSION = 3.0;
				TEST_HOST = "$(BUILT_PRODUCTS_DIR)/mavryc.app/mavryc";
			};
			name = Release;
		};
/* End XCBuildConfiguration section */

/* Begin XCConfigurationList section */
		96E53ECA1E90378E0045AA06 /* Build configuration list for PBXProject "mavryc" */ = {
			isa = XCConfigurationList;
			buildConfigurations = (
				96E53EEA1E90378E0045AA06 /* Debug */,
				96E53EEB1E90378E0045AA06 /* Release */,
			);
			defaultConfigurationIsVisible = 0;
			defaultConfigurationName = Release;
		};
		96E53EEC1E90378E0045AA06 /* Build configuration list for PBXNativeTarget "mavryc" */ = {
			isa = XCConfigurationList;
			buildConfigurations = (
				96E53EED1E90378E0045AA06 /* Debug */,
				96E53EEE1E90378E0045AA06 /* Release */,
			);
			defaultConfigurationIsVisible = 0;
			defaultConfigurationName = Release;
		};
		96E53EEF1E90378E0045AA06 /* Build configuration list for PBXNativeTarget "mavrycTests" */ = {
			isa = XCConfigurationList;
			buildConfigurations = (
				96E53EF01E90378E0045AA06 /* Debug */,
				96E53EF11E90378E0045AA06 /* Release */,
			);
			defaultConfigurationIsVisible = 0;
			defaultConfigurationName = Release;
		};
/* End XCConfigurationList section */
	};
	rootObject = 96E53EC71E90378E0045AA06 /* Project object */;
}
