PODS:
  - Alamofire (4.3.0)
  - Locksmith (3.0.0)
  - SwiftyJSON (3.1.4)

DEPENDENCIES:
  - Alamofire (~> 4.0)
  - Locksmith (~> 3.0)
  - SwiftyJSON (~> 3.1.1)

SPEC CHECKSUMS:
  Alamofire: 856a113053a7bc9cbe5d6367a555d773fc5cfef7
  Locksmith: 310b4cc5031af5728bf4db5d4de547a5100c6a3b
  SwiftyJSON: c2842d878f95482ffceec5709abc3d05680c0220

PODFILE CHECKSUM: 63eb3c1ac95e9da551264e7dbf8df1653c7eef72

COCOAPODS: 1.2.0
